{
  "version": 4,
  "terraform_version": "1.8.2",
  "serial": 22,
  "lineage": "5bc057f5-895f-c2fc-ab2a-3d8e8c615baf",
  "outputs": {},
  "resources": [
    {
      "mode": "managed",
      "type": "newrelic_alert_policy",
      "name": "policy",
      "provider": "provider[\"registry.terraform.io/newrelic/newrelic\"]",
      "instances": [
        {
          "schema_version": 0,
          "attributes": {
            "account_id": 4411834,
            "channel_ids": null,
            "id": "5265528",
            "incident_preference": "PER_POLICY",
            "name": "workflow-policy"
          },
          "sensitive_attributes": [],
          "private": "bnVsbA=="
        }
      ]
    },
    {
      "mode": "managed",
      "type": "newrelic_notification_channel",
      "name": "foo",
      "provider": "provider[\"registry.terraform.io/newrelic/newrelic\"]",
      "instances": [
        {
          "schema_version": 0,
          "attributes": {
            "account_id": 4411834,
            "active": true,
            "destination_id": "4896359c-3360-494f-a412-31d0d5845e67",
            "id": "e53d0cbb-061a-4b97-85b9-16ec0d957f30",
            "name": "email-notification-channel",
            "product": "IINT",
            "property": [
              {
                "display_value": "",
                "key": "source",
                "label": "terraform-source-internal",
                "value": "terraform"
              },
              {
                "display_value": "",
                "key": "subject",
                "label": "",
                "value": "Workflow Alert"
              }
            ],
            "status": "DEFAULT",
            "type": "EMAIL"
          },
          "sensitive_attributes": [],
          "private": "bnVsbA==",
          "dependencies": [
            "newrelic_notification_destination.foo"
          ]
        }
      ]
    },
    {
      "mode": "managed",
      "type": "newrelic_notification_destination",
      "name": "foo",
      "provider": "provider[\"registry.terraform.io/newrelic/newrelic\"]",
      "instances": [
        {
          "schema_version": 1,
          "attributes": {
            "account_id": 4411834,
            "active": true,
            "auth_basic": [],
            "auth_custom_header": [],
            "auth_token": [],
            "guid": "NDQxMTgzNHxBSU9QU3xERVNUSU5BVElPTnw0ODk2MzU5Yy0zMzYwLTQ5NGYtYTQxMi0zMWQwZDU4NDVlNjc",
            "id": "4896359c-3360-494f-a412-31d0d5845e67",
            "last_sent": "",
            "name": "email-destination",
            "property": [
              {
                "display_value": "",
                "key": "email",
                "label": "",
                "value": "himanshisoni2805@gmail.com"
              },
              {
                "display_value": "",
                "key": "source",
                "label": "terraform-source-internal",
                "value": "terraform"
              }
            ],
            "secure_url": [],
            "status": "DEFAULT",
            "type": "EMAIL"
          },
          "sensitive_attributes": [],
          "private": "eyJzY2hlbWFfdmVyc2lvbiI6IjEifQ=="
        }
      ]
    },
    {
      "mode": "managed",
      "type": "newrelic_workflow",
      "name": "workflow",
      "provider": "provider[\"registry.terraform.io/newrelic/newrelic\"]",
      "instances": [
        {
          "schema_version": 1,
          "attributes": {
            "account_id": 4411834,
            "destination": [
              {
                "channel_id": "e53d0cbb-061a-4b97-85b9-16ec0d957f30",
                "name": "email-notification-channel",
                "notification_triggers": [
                  "ACTIVATED"
                ],
                "type": "EMAIL"
              }
            ],
            "destinations_enabled": true,
            "enabled": true,
            "enrichments": [],
            "enrichments_enabled": true,
            "guid": "NDQxMTgzNHxBSU9QU3xXT1JLRkxPV3w2MGFhNmVlNi05YzU5LTRlMDQtYjIzMi1jM2FhMWE1ZTFjYWY",
            "id": "60aa6ee6-9c59-4e04-b232-c3aa1a5e1caf",
            "issues_filter": [
              {
                "filter_id": "53086577-fab2-472d-a47b-7211098c34a2",
                "name": "Filter-name",
                "predicate": [
                  {
                    "attribute": "labels.policyIds",
                    "operator": "EXACTLY_MATCHES",
                    "values": [
                      "5265528"
                    ]
                  }
                ],
                "type": "FILTER"
              }
            ],
            "last_run": "",
            "muting_rules_handling": "NOTIFY_ALL_ISSUES",
            "name": "workflow_1",
            "workflow_id": "60aa6ee6-9c59-4e04-b232-c3aa1a5e1caf"
          },
          "sensitive_attributes": [],
          "private": "eyJzY2hlbWFfdmVyc2lvbiI6IjEifQ==",
          "dependencies": [
            "newrelic_alert_policy.policy",
            "newrelic_notification_channel.foo",
            "newrelic_notification_destination.foo"
          ]
        }
      ]
    }
  ],
  "check_results": null
}
